
Microsoft Visual Studio Solution File, Format Version 12.00
# Visual Studio Version 17
VisualStudioVersion = 17.9.34511.98
MinimumVisualStudioVersion = 10.0.40219.1
Project("{FAE04EC0-301F-11D3-BF4B-00C04F79EFBC}") = "AwesomeApp", "AwesomeApp\AwesomeApp.csproj", "{8AB1755D-0333-41D5-9C36-2BE305BA0537}"
EndProject
Global
	GlobalSection(SolutionConfigurationPlatforms) = preSolution
		Debug|Any CPU = Debug|Any CPU
		Release|Any CPU = Release|Any CPU
	EndGlobalSection
	GlobalSection(ProjectConfigurationPlatforms) = postSolution
		{8AB1755D-0333-41D5-9C36-2BE305BA0537}.Debug|Any CPU.ActiveCfg = Debug|Any CPU
		{8AB1755D-0333-41D5-9C36-2BE305BA0537}.Debug|Any CPU.Build.0 = Debug|Any CPU
		{8AB1755D-0333-41D5-9C36-2BE305BA0537}.Release|Any CPU.ActiveCfg = Release|Any CPU
		{8AB1755D-0333-41D5-9C36-2BE305BA0537}.Release|Any CPU.Build.0 = Release|Any CPU
	EndGlobalSection
	GlobalSection(SolutionProperties) = preSolution
		HideSolutionNode = FALSE
	EndGlobalSection
	GlobalSection(ExtensibilityGlobals) = postSolution
		SolutionGuid = {D68BB70B-2909-48BF-B726-03C7CD8021BE}
	EndGlobalSection
EndGlobal
